
Microsoft Visual Studio Solution File, Format Version 12.00
# Visual Studio 15
VisualStudioVersion = 15.0.28010.2019
MinimumVisualStudioVersion = 10.0.40219.1
Project("{2150E333-8FDC-42A3-9474-1A3956D46DE8}") = "Model", "Model", "{6B169C1E-3352-4140-A592-C91447AEBE2C}"
EndProject
Project("{2150E333-8FDC-42A3-9474-1A3956D46DE8}") = "Tests", "Tests", "{8B78675B-F087-42D2-8A2D-E367D284BEB8}"
EndProject
Project("{2150E333-8FDC-42A3-9474-1A3956D46DE8}") = "Services", "Services", "{3B1A31BC-1465-4791-A71A-CB0AEE1D507E}"
EndProject
Project("{9A19103F-16F7-4668-BE54-9A1E7A4F7556}") = "odec.CP.Server.Model.Category.Abst", "..\src\Server\Model\Category.Abst\odec.CP.Server.Model.Category.Abst.csproj", "{C6A3C68C-4235-439D-9E92-F6721F805203}"
EndProject
Project("{9A19103F-16F7-4668-BE54-9A1E7A4F7556}") = "odec.CP.Server.Model.Category", "..\src\Server\Model\Category\odec.CP.Server.Model.Category.csproj", "{9CDCB2F0-358B-410F-90F2-4663684C4DDA}"
EndProject
Project("{9A19103F-16F7-4668-BE54-9A1E7A4F7556}") = "odec.CP.Category.DAL.Interop", "..\src\Server\Category.DAL.Interop\odec.CP.Category.DAL.Interop.csproj", "{05846C40-50BE-4C8C-8AD4-30C905F2616F}"
EndProject
Project("{9A19103F-16F7-4668-BE54-9A1E7A4F7556}") = "odec.CP.Category.DAL", "..\src\Server\Category.DAL\odec.CP.Category.DAL.csproj", "{8BA3E044-76CB-4929-A808-96C7DE268A36}"
EndProject
Project("{9A19103F-16F7-4668-BE54-9A1E7A4F7556}") = "Category.DAL.Tests", "..\tests\Category.DAL.Tests\Category.DAL.Tests.csproj", "{A6954F22-601A-4356-B000-17A626EC912A}"
EndProject
Global
	GlobalSection(SolutionConfigurationPlatforms) = preSolution
		Debug|Any CPU = Debug|Any CPU
		Release|Any CPU = Release|Any CPU
	EndGlobalSection
	GlobalSection(ProjectConfigurationPlatforms) = postSolution
		{C6A3C68C-4235-439D-9E92-F6721F805203}.Debug|Any CPU.ActiveCfg = Debug|Any CPU
		{C6A3C68C-4235-439D-9E92-F6721F805203}.Debug|Any CPU.Build.0 = Debug|Any CPU
		{C6A3C68C-4235-439D-9E92-F6721F805203}.Release|Any CPU.ActiveCfg = Release|Any CPU
		{C6A3C68C-4235-439D-9E92-F6721F805203}.Release|Any CPU.Build.0 = Release|Any CPU
		{9CDCB2F0-358B-410F-90F2-4663684C4DDA}.Debug|Any CPU.ActiveCfg = Debug|Any CPU
		{9CDCB2F0-358B-410F-90F2-4663684C4DDA}.Debug|Any CPU.Build.0 = Debug|Any CPU
		{9CDCB2F0-358B-410F-90F2-4663684C4DDA}.Release|Any CPU.ActiveCfg = Release|Any CPU
		{9CDCB2F0-358B-410F-90F2-4663684C4DDA}.Release|Any CPU.Build.0 = Release|Any CPU
		{05846C40-50BE-4C8C-8AD4-30C905F2616F}.Debug|Any CPU.ActiveCfg = Debug|Any CPU
		{05846C40-50BE-4C8C-8AD4-30C905F2616F}.Debug|Any CPU.Build.0 = Debug|Any CPU
		{05846C40-50BE-4C8C-8AD4-30C905F2616F}.Release|Any CPU.ActiveCfg = Release|Any CPU
		{05846C40-50BE-4C8C-8AD4-30C905F2616F}.Release|Any CPU.Build.0 = Release|Any CPU
		{8BA3E044-76CB-4929-A808-96C7DE268A36}.Debug|Any CPU.ActiveCfg = Debug|Any CPU
		{8BA3E044-76CB-4929-A808-96C7DE268A36}.Debug|Any CPU.Build.0 = Debug|Any CPU
		{8BA3E044-76CB-4929-A808-96C7DE268A36}.Release|Any CPU.ActiveCfg = Release|Any CPU
		{8BA3E044-76CB-4929-A808-96C7DE268A36}.Release|Any CPU.Build.0 = Release|Any CPU
		{A6954F22-601A-4356-B000-17A626EC912A}.Debug|Any CPU.ActiveCfg = Debug|Any CPU
		{A6954F22-601A-4356-B000-17A626EC912A}.Debug|Any CPU.Build.0 = Debug|Any CPU
		{A6954F22-601A-4356-B000-17A626EC912A}.Release|Any CPU.ActiveCfg = Release|Any CPU
		{A6954F22-601A-4356-B000-17A626EC912A}.Release|Any CPU.Build.0 = Release|Any CPU
	EndGlobalSection
	GlobalSection(SolutionProperties) = preSolution
		HideSolutionNode = FALSE
	EndGlobalSection
	GlobalSection(NestedProjects) = preSolution
		{C6A3C68C-4235-439D-9E92-F6721F805203} = {6B169C1E-3352-4140-A592-C91447AEBE2C}
		{9CDCB2F0-358B-410F-90F2-4663684C4DDA} = {6B169C1E-3352-4140-A592-C91447AEBE2C}
		{A6954F22-601A-4356-B000-17A626EC912A} = {8B78675B-F087-42D2-8A2D-E367D284BEB8}
	EndGlobalSection
	GlobalSection(ExtensibilityGlobals) = postSolution
		SolutionGuid = {7436E0C8-927C-4E10-851D-7A1BE2D185E4}
	EndGlobalSection
EndGlobal
